
Microsoft Visual Studio Solution File, Format Version 12.00
# Visual Studio Version 17
VisualStudioVersion = 17.14.36915.13 d17.14
MinimumVisualStudioVersion = 10.0.40219.1
Project("{FAE04EC0-301F-11D3-BF4B-00C04F79EFBC}") = "GameTournamentAPI", "GameTournamentAPI.csproj", "{B75EDEBC-D8E5-4995-B4C9-15A0FA95091C}"
EndProject
Global
	GlobalSection(SolutionConfigurationPlatforms) = preSolution
		Debug|Any CPU = Debug|Any CPU
		Release|Any CPU = Release|Any CPU
	EndGlobalSection
	GlobalSection(ProjectConfigurationPlatforms) = postSolution
		{B75EDEBC-D8E5-4995-B4C9-15A0FA95091C}.Debug|Any CPU.ActiveCfg = Debug|Any CPU
		{B75EDEBC-D8E5-4995-B4C9-15A0FA95091C}.Debug|Any CPU.Build.0 = Debug|Any CPU
		{B75EDEBC-D8E5-4995-B4C9-15A0FA95091C}.Release|Any CPU.ActiveCfg = Release|Any CPU
		{B75EDEBC-D8E5-4995-B4C9-15A0FA95091C}.Release|Any CPU.Build.0 = Release|Any CPU
	EndGlobalSection
	GlobalSection(SolutionProperties) = preSolution
		HideSolutionNode = FALSE
	EndGlobalSection
	GlobalSection(ExtensibilityGlobals) = postSolution
		SolutionGuid = {0061AC61-1ECA-4C32-A9CB-FC6400804D51}
	EndGlobalSection
EndGlobal
